
Microsoft Visual Studio Solution File, Format Version 12.00
# Visual Studio Version 17
VisualStudioVersion = 17.11.35312.102
MinimumVisualStudioVersion = 10.0.40219.1
Project("{FAE04EC0-301F-11D3-BF4B-00C04F79EFBC}") = "PlanetaryExplorationLogs.API", "PlanetaryExplorationLogs.API\PlanetaryExplorationLogs.API.csproj", "{9C0F4F63-8DBA-451A-9DBF-62F4BCE8BA3D}"
EndProject
Global
	GlobalSection(SolutionConfigurationPlatforms) = preSolution
		Debug|Any CPU = Debug|Any CPU
		Release|Any CPU = Release|Any CPU
	EndGlobalSection
	GlobalSection(ProjectConfigurationPlatforms) = postSolution
		{9C0F4F63-8DBA-451A-9DBF-62F4BCE8BA3D}.Debug|Any CPU.ActiveCfg = Debug|Any CPU
		{9C0F4F63-8DBA-451A-9DBF-62F4BCE8BA3D}.Debug|Any CPU.Build.0 = Debug|Any CPU
		{9C0F4F63-8DBA-451A-9DBF-62F4BCE8BA3D}.Release|Any CPU.ActiveCfg = Release|Any CPU
		{9C0F4F63-8DBA-451A-9DBF-62F4BCE8BA3D}.Release|Any CPU.Build.0 = Release|Any CPU
	EndGlobalSection
	GlobalSection(SolutionProperties) = preSolution
		HideSolutionNode = FALSE
	EndGlobalSection
	GlobalSection(ExtensibilityGlobals) = postSolution
		SolutionGuid = {434E0EEF-00BB-4EA6-8D41-9CFD4D8A10B4}
	EndGlobalSection
EndGlobal
